
Microsoft Visual Studio Solution File, Format Version 12.00
# Visual Studio Version 17
VisualStudioVersion = 17.14.36310.24 d17.14
MinimumVisualStudioVersion = 10.0.40219.1
Project("{FAE04EC0-301F-11D3-BF4B-00C04F79EFBC}") = "FacebookPhotoDownloader", "FacebookPhotoDownloader.csproj", "{CE502505-24CA-D8ED-2F7F-27B8EDEB5C71}"
EndProject
Global
	GlobalSection(SolutionConfigurationPlatforms) = preSolution
		Debug|Any CPU = Debug|Any CPU
		Release|Any CPU = Release|Any CPU
	EndGlobalSection
	GlobalSection(ProjectConfigurationPlatforms) = postSolution
		{CE502505-24CA-D8ED-2F7F-27B8EDEB5C71}.Debug|Any CPU.ActiveCfg = Debug|Any CPU
		{CE502505-24CA-D8ED-2F7F-27B8EDEB5C71}.Debug|Any CPU.Build.0 = Debug|Any CPU
		{CE502505-24CA-D8ED-2F7F-27B8EDEB5C71}.Release|Any CPU.ActiveCfg = Release|Any CPU
		{CE502505-24CA-D8ED-2F7F-27B8EDEB5C71}.Release|Any CPU.Build.0 = Release|Any CPU
	EndGlobalSection
	GlobalSection(SolutionProperties) = preSolution
		HideSolutionNode = FALSE
	EndGlobalSection
	GlobalSection(ExtensibilityGlobals) = postSolution
		SolutionGuid = {06E83164-6B19-4E50-9C5E-44F16DC68614}
	EndGlobalSection
EndGlobal
